// !$*UTF8*$!
{
	archiveVersion = 1;
	classes = {
	};
	objectVersion = 46;
	objects = {

/* Begin PBXBuildFile section */
		40C429E1250C242D00566158 /* kreemb.mp3 in Resources */ = {isa = PBXBuildFile; fileRef = 40C429DE250C242C00566158 /* kreemb.mp3 */; };
		40C429E2250C242D00566158 /* dt.mp3 in Resources */ = {isa = PBXBuildFile; fileRef = 40C429DF250C242C00566158 /* dt.mp3 */; };
		40C429E3250C242D00566158 /* jpj.mp3 in Resources */ = {isa = PBXBuildFile; fileRef = 40C429E0250C242C00566158 /* jpj.mp3 */; };
		901D4FD21A5620CB00FC54F3 /* Main.storyboard in Resources */ = {isa = PBXBuildFile; fileRef = 901D4FD01A5620CB00FC54F3 /* Main.storyboard */; };
		9021A4BE1A468C42008E2C76 /* HomeViewController.m in Sources */ = {isa = PBXBuildFile; fileRef = 9021A4BD1A468C42008E2C76 /* HomeViewController.m */; };
		9021A4C11A468C5D008E2C76 /* MusicTableViewController.m in Sources */ = {isa = PBXBuildFile; fileRef = 9021A4C01A468C5D008E2C76 /* MusicTableViewController.m */; };
		9021A4C41A468C7C008E2C76 /* BiosViewController.m in Sources */ = {isa = PBXBuildFile; fileRef = 9021A4C31A468C7C008E2C76 /* BiosViewController.m */; };
		9054ECD61A4524AC004F83DD /* main.m in Sources */ = {isa = PBXBuildFile; fileRef = 9054ECD51A4524AC004F83DD /* main.m */; };
		9054ECD91A4524AC004F83DD /* AppDelegate.m in Sources */ = {isa = PBXBuildFile; fileRef = 9054ECD81A4524AC004F83DD /* AppDelegate.m */; };
		9054ECE71A4524AC004F83DD /* LaunchScreen.xib in Resources */ = {isa = PBXBuildFile; fileRef = 9054ECE51A4524AC004F83DD /* LaunchScreen.xib */; };
		9054ECF31A4524AC004F83DD /* El_DingosTests.m in Sources */ = {isa = PBXBuildFile; fileRef = 9054ECF21A4524AC004F83DD /* El_DingosTests.m */; };
		9084C3A21A4639A1004BDB2E /* AVFoundation.framework in Frameworks */ = {isa = PBXBuildFile; fileRef = 9084C3A11A4639A1004BDB2E /* AVFoundation.framework */; };
		908B609D1A58F25B00F98CD0 /* chft.m4a in Resources */ = {isa = PBXBuildFile; fileRef = 908B60981A58F25B00F98CD0 /* chft.m4a */; };
		908B609E1A58F25B00F98CD0 /* jsf.m4a in Resources */ = {isa = PBXBuildFile; fileRef = 908B60991A58F25B00F98CD0 /* jsf.m4a */; };
		908B609F1A58F25B00F98CD0 /* mrv.m4a in Resources */ = {isa = PBXBuildFile; fileRef = 908B609A1A58F25B00F98CD0 /* mrv.m4a */; };
		908B60A01A58F25B00F98CD0 /* nalr.m4a in Resources */ = {isa = PBXBuildFile; fileRef = 908B609B1A58F25B00F98CD0 /* nalr.m4a */; };
		908B60A11A58F25B00F98CD0 /* tt.m4a in Resources */ = {isa = PBXBuildFile; fileRef = 908B609C1A58F25B00F98CD0 /* tt.m4a */; };
		908B60A31A58FBBE00F98CD0 /* Images.xcassets in Resources */ = {isa = PBXBuildFile; fileRef = 908B60A21A58FBBE00F98CD0 /* Images.xcassets */; };
/* End PBXBuildFile section */

/* Begin PBXContainerItemProxy section */
		9054ECED1A4524AC004F83DD /* PBXContainerItemProxy */ = {
			isa = PBXContainerItemProxy;
			containerPortal = 9054ECC81A4524AC004F83DD /* Project object */;
			proxyType = 1;
			remoteGlobalIDString = 9054ECCF1A4524AC004F83DD;
			remoteInfo = "El Dingos";
		};
/* End PBXContainerItemProxy section */

/* Begin PBXFileReference section */
		40C429DE250C242C00566158 /* kreemb.mp3 */ = {isa = PBXFileReference; lastKnownFileType = audio.mp3; name = kreemb.mp3; path = Music/kreemb.mp3; sourceTree = "<group>"; };
		40C429DF250C242C00566158 /* dt.mp3 */ = {isa = PBXFileReference; lastKnownFileType = audio.mp3; name = dt.mp3; path = Music/dt.mp3; sourceTree = "<group>"; };
		40C429E0250C242C00566158 /* jpj.mp3 */ = {isa = PBXFileReference; lastKnownFileType = audio.mp3; name = jpj.mp3; path = Music/jpj.mp3; sourceTree = "<group>"; };
		901D4FD11A5620CB00FC54F3 /* Base */ = {isa = PBXFileReference; lastKnownFileType = file.storyboard; name = Base; path = Base.lproj/Main.storyboard; sourceTree = "<group>"; };
		9021A4BC1A468C42008E2C76 /* HomeViewController.h */ = {isa = PBXFileReference; fileEncoding = 4; lastKnownFileType = sourcecode.c.h; path = HomeViewController.h; sourceTree = "<group>"; };
		9021A4BD1A468C42008E2C76 /* HomeViewController.m */ = {isa = PBXFileReference; fileEncoding = 4; lastKnownFileType = sourcecode.c.objc; path = HomeViewController.m; sourceTree = "<group>"; };
		9021A4BF1A468C5D008E2C76 /* MusicTableViewController.h */ = {isa = PBXFileReference; fileEncoding = 4; lastKnownFileType = sourcecode.c.h; path = MusicTableViewController.h; sourceTree = "<group>"; };
		9021A4C01A468C5D008E2C76 /* MusicTableViewController.m */ = {isa = PBXFileReference; fileEncoding = 4; lastKnownFileType = sourcecode.c.objc; path = MusicTableViewController.m; sourceTree = "<group>"; };
		9021A4C21A468C7C008E2C76 /* BiosViewController.h */ = {isa = PBXFileReference; fileEncoding = 4; lastKnownFileType = sourcecode.c.h; path = BiosViewController.h; sourceTree = "<group>"; };
		9021A4C31A468C7C008E2C76 /* BiosViewController.m */ = {isa = PBXFileReference; fileEncoding = 4; lastKnownFileType = sourcecode.c.objc; path = BiosViewController.m; sourceTree = "<group>"; usesTabs = 0; };
		9054ECD01A4524AC004F83DD /* El Dingos.app */ = {isa = PBXFileReference; explicitFileType = wrapper.application; includeInIndex = 0; path = "El Dingos.app"; sourceTree = BUILT_PRODUCTS_DIR; };
		9054ECD41A4524AC004F83DD /* Info.plist */ = {isa = PBXFileReference; lastKnownFileType = text.plist.xml; path = Info.plist; sourceTree = "<group>"; };
		9054ECD51A4524AC004F83DD /* main.m */ = {isa = PBXFileReference; lastKnownFileType = sourcecode.c.objc; path = main.m; sourceTree = "<group>"; };
		9054ECD71A4524AC004F83DD /* AppDelegate.h */ = {isa = PBXFileReference; lastKnownFileType = sourcecode.c.h; path = AppDelegate.h; sourceTree = "<group>"; };
		9054ECD81A4524AC004F83DD /* AppDelegate.m */ = {isa = PBXFileReference; lastKnownFileType = sourcecode.c.objc; path = AppDelegate.m; sourceTree = "<group>"; };
		9054ECE61A4524AC004F83DD /* Base */ = {isa = PBXFileReference; lastKnownFileType = file.xib; name = Base; path = Base.lproj/LaunchScreen.xib; sourceTree = "<group>"; };
		9054ECEC1A4524AC004F83DD /* El DingosTests.xctest */ = {isa = PBXFileReference; explicitFileType = wrapper.cfbundle; includeInIndex = 0; path = "El DingosTests.xctest"; sourceTree = BUILT_PRODUCTS_DIR; };
		9054ECF11A4524AC004F83DD /* Info.plist */ = {isa = PBXFileReference; lastKnownFileType = text.plist.xml; path = Info.plist; sourceTree = "<group>"; };
		9054ECF21A4524AC004F83DD /* El_DingosTests.m */ = {isa = PBXFileReference; lastKnownFileType = sourcecode.c.objc; path = El_DingosTests.m; sourceTree = "<group>"; };
		9084C3A11A4639A1004BDB2E /* AVFoundation.framework */ = {isa = PBXFileReference; lastKnownFileType = wrapper.framework; name = AVFoundation.framework; path = System/Library/Frameworks/AVFoundation.framework; sourceTree = SDKROOT; };
		908B60981A58F25B00F98CD0 /* chft.m4a */ = {isa = PBXFileReference; lastKnownFileType = file; name = chft.m4a; path = Music/chft.m4a; sourceTree = "<group>"; };
		908B60991A58F25B00F98CD0 /* jsf.m4a */ = {isa = PBXFileReference; lastKnownFileType = file; name = jsf.m4a; path = Music/jsf.m4a; sourceTree = "<group>"; };
		908B609A1A58F25B00F98CD0 /* mrv.m4a */ = {isa = PBXFileReference; lastKnownFileType = file; name = mrv.m4a; path = Music/mrv.m4a; sourceTree = "<group>"; };
		908B609B1A58F25B00F98CD0 /* nalr.m4a */ = {isa = PBXFileReference; lastKnownFileType = file; name = nalr.m4a; path = Music/nalr.m4a; sourceTree = "<group>"; };
		908B609C1A58F25B00F98CD0 /* tt.m4a */ = {isa = PBXFileReference; lastKnownFileType = file; name = tt.m4a; path = Music/tt.m4a; sourceTree = "<group>"; };
		908B60A21A58FBBE00F98CD0 /* Images.xcassets */ = {isa = PBXFileReference; lastKnownFileType = folder.assetcatalog; name = Images.xcassets; path = "El Dingos/Images.xcassets"; sourceTree = SOURCE_ROOT; };
/* End PBXFileReference section */

/* Begin PBXFrameworksBuildPhase section */
		9054ECCD1A4524AC004F83DD /* Frameworks */ = {
			isa = PBXFrameworksBuildPhase;
			buildActionMask = 2147483647;
			files = (
				9084C3A21A4639A1004BDB2E /* AVFoundation.framework in Frameworks */,
			);
			runOnlyForDeploymentPostprocessing = 0;
		};
		9054ECE91A4524AC004F83DD /* Frameworks */ = {
			isa = PBXFrameworksBuildPhase;
			buildActionMask = 2147483647;
			files = (
			);
			runOnlyForDeploymentPostprocessing = 0;
		};
/* End PBXFrameworksBuildPhase section */

/* Begin PBXGroup section */
		9054ECC71A4524AC004F83DD = {
			isa = PBXGroup;
			children = (
				9084C3A11A4639A1004BDB2E /* AVFoundation.framework */,
				9054ECD21A4524AC004F83DD /* El Dingos */,
				9054ECEF1A4524AC004F83DD /* El DingosTests */,
				9054ECD11A4524AC004F83DD /* Products */,
			);
			sourceTree = "<group>";
		};
		9054ECD11A4524AC004F83DD /* Products */ = {
			isa = PBXGroup;
			children = (
				9054ECD01A4524AC004F83DD /* El Dingos.app */,
				9054ECEC1A4524AC004F83DD /* El DingosTests.xctest */,
			);
			name = Products;
			sourceTree = "<group>";
		};
		9054ECD21A4524AC004F83DD /* El Dingos */ = {
			isa = PBXGroup;
			children = (
				9054ECD71A4524AC004F83DD /* AppDelegate.h */,
				9054ECD81A4524AC004F83DD /* AppDelegate.m */,
				9021A4BC1A468C42008E2C76 /* HomeViewController.h */,
				9021A4BD1A468C42008E2C76 /* HomeViewController.m */,
				9021A4BF1A468C5D008E2C76 /* MusicTableViewController.h */,
				9021A4C01A468C5D008E2C76 /* MusicTableViewController.m */,
				9021A4C21A468C7C008E2C76 /* BiosViewController.h */,
				9021A4C31A468C7C008E2C76 /* BiosViewController.m */,
				901D4FD01A5620CB00FC54F3 /* Main.storyboard */,
				908B60A21A58FBBE00F98CD0 /* Images.xcassets */,
				9054ECE51A4524AC004F83DD /* LaunchScreen.xib */,
				9054ECD31A4524AC004F83DD /* Supporting Files */,
			);
			path = "El Dingos";
			sourceTree = "<group>";
		};
		9054ECD31A4524AC004F83DD /* Supporting Files */ = {
			isa = PBXGroup;
			children = (
				40C429E0250C242C00566158 /* jpj.mp3 */,
				40C429DE250C242C00566158 /* kreemb.mp3 */,
				40C429DF250C242C00566158 /* dt.mp3 */,
				908B60981A58F25B00F98CD0 /* chft.m4a */,
				908B60991A58F25B00F98CD0 /* jsf.m4a */,
				908B609A1A58F25B00F98CD0 /* mrv.m4a */,
				908B609B1A58F25B00F98CD0 /* nalr.m4a */,
				908B609C1A58F25B00F98CD0 /* tt.m4a */,
				9054ECD41A4524AC004F83DD /* Info.plist */,
				9054ECD51A4524AC004F83DD /* main.m */,
			);
			name = "Supporting Files";
			sourceTree = "<group>";
		};
		9054ECEF1A4524AC004F83DD /* El DingosTests */ = {
			isa = PBXGroup;
			children = (
				9054ECF21A4524AC004F83DD /* El_DingosTests.m */,
				9054ECF01A4524AC004F83DD /* Supporting Files */,
			);
			path = "El DingosTests";
			sourceTree = "<group>";
		};
		9054ECF01A4524AC004F83DD /* Supporting Files */ = {
			isa = PBXGroup;
			children = (
				9054ECF11A4524AC004F83DD /* Info.plist */,
			);
			name = "Supporting Files";
			sourceTree = "<group>";
		};
/* End PBXGroup section */

/* Begin PBXNativeTarget section */
		9054ECCF1A4524AC004F83DD /* El Dingos */ = {
			isa = PBXNativeTarget;
			buildConfigurationList = 9054ECF61A4524AC004F83DD /* Build configuration list for PBXNativeTarget "El Dingos" */;
			buildPhases = (
				9054ECCC1A4524AC004F83DD /* Sources */,
				9054ECCD1A4524AC004F83DD /* Frameworks */,
				9054ECCE1A4524AC004F83DD /* Resources */,
			);
			buildRules = (
			);
			dependencies = (
			);
			name = "El Dingos";
			productName = "El Dingos";
			productReference = 9054ECD01A4524AC004F83DD /* El Dingos.app */;
			productType = "com.apple.product-type.application";
		};
		9054ECEB1A4524AC004F83DD /* El DingosTests */ = {
			isa = PBXNativeTarget;
			buildConfigurationList = 9054ECF91A4524AC004F83DD /* Build configuration list for PBXNativeTarget "El DingosTests" */;
			buildPhases = (
				9054ECE81A4524AC004F83DD /* Sources */,
				9054ECE91A4524AC004F83DD /* Frameworks */,
				9054ECEA1A4524AC004F83DD /* Resources */,
			);
			buildRules = (
			);
			dependencies = (
				9054ECEE1A4524AC004F83DD /* PBXTargetDependency */,
			);
			name = "El DingosTests";
			productName = "El DingosTests";
			productReference = 9054ECEC1A4524AC004F83DD /* El DingosTests.xctest */;
			productType = "com.apple.product-type.bundle.unit-test";
		};
/* End PBXNativeTarget section */

/* Begin PBXProject section */
		9054ECC81A4524AC004F83DD /* Project object */ = {
			isa = PBXProject;
			attributes = {
				LastUpgradeCheck = 1010;
				ORGANIZATIONNAME = "Hunter DeGroot";
				TargetAttributes = {
					9054ECCF1A4524AC004F83DD = {
						CreatedOnToolsVersion = 6.1.1;
						DevelopmentTeam = J7HYSXY656;
						SystemCapabilities = {
							com.apple.BackgroundModes = {
								enabled = 1;
							};
							com.apple.InterAppAudio = {
								enabled = 0;
							};
						};
					};
					9054ECEB1A4524AC004F83DD = {
						CreatedOnToolsVersion = 6.1.1;
						TestTargetID = 9054ECCF1A4524AC004F83DD;
					};
				};
			};
			buildConfigurationList = 9054ECCB1A4524AC004F83DD /* Build configuration list for PBXProject "El Dingos" */;
			compatibilityVersion = "Xcode 3.2";
			developmentRegion = en;
			hasScannedForEncodings = 0;
			knownRegions = (
				en,
				Base,
			);
			mainGroup = 9054ECC71A4524AC004F83DD;
			productRefGroup = 9054ECD11A4524AC004F83DD /* Products */;
			projectDirPath = "";
			projectRoot = "";
			targets = (
				9054ECCF1A4524AC004F83DD /* El Dingos */,
				9054ECEB1A4524AC004F83DD /* El DingosTests */,
			);
		};
/* End PBXProject section */

/* Begin PBXResourcesBuildPhase section */
		9054ECCE1A4524AC004F83DD /* Resources */ = {
			isa = PBXResourcesBuildPhase;
			buildActionMask = 2147483647;
			files = (
				40C429E2250C242D00566158 /* dt.mp3 in Resources */,
				908B60A31A58FBBE00F98CD0 /* Images.xcassets in Resources */,
				908B60A11A58F25B00F98CD0 /* tt.m4a in Resources */,
				40C429E1250C242D00566158 /* kreemb.mp3 in Resources */,
				908B609D1A58F25B00F98CD0 /* chft.m4a in Resources */,
				908B60A01A58F25B00F98CD0 /* nalr.m4a in Resources */,
				9054ECE71A4524AC004F83DD /* LaunchScreen.xib in Resources */,
				908B609E1A58F25B00F98CD0 /* jsf.m4a in Resources */,
				40C429E3250C242D00566158 /* jpj.mp3 in Resources */,
				908B609F1A58F25B00F98CD0 /* mrv.m4a in Resources */,
				901D4FD21A5620CB00FC54F3 /* Main.storyboard in Resources */,
			);
			runOnlyForDeploymentPostprocessing = 0;
		};
		9054ECEA1A4524AC004F83DD /* Resources */ = {
			isa = PBXResourcesBuildPhase;
			buildActionMask = 2147483647;
			files = (
			);
			runOnlyForDeploymentPostprocessing = 0;
		};
/* End PBXResourcesBuildPhase section */

/* Begin PBXSourcesBuildPhase section */
		9054ECCC1A4524AC004F83DD /* Sources */ = {
			isa = PBXSourcesBuildPhase;
			buildActionMask = 2147483647;
			files = (
				9021A4C41A468C7C008E2C76 /* BiosViewController.m in Sources */,
				9021A4C11A468C5D008E2C76 /* MusicTableViewController.m in Sources */,
				9054ECD91A4524AC004F83DD /* AppDelegate.m in Sources */,
				9021A4BE1A468C42008E2C76 /* HomeViewController.m in Sources */,
				9054ECD61A4524AC004F83DD /* main.m in Sources */,
			);
			runOnlyForDeploymentPostprocessing = 0;
		};
		9054ECE81A4524AC004F83DD /* Sources */ = {
			isa = PBXSourcesBuildPhase;
			buildActionMask = 2147483647;
			files = (
				9054ECF31A4524AC004F83DD /* El_DingosTests.m in Sources */,
			);
			runOnlyForDeploymentPostprocessing = 0;
		};
/* End PBXSourcesBuildPhase section */

/* Begin PBXTargetDependency section */
		9054ECEE1A4524AC004F83DD /* PBXTargetDependency */ = {
			isa = PBXTargetDependency;
			target = 9054ECCF1A4524AC004F83DD /* El Dingos */;
			targetProxy = 9054ECED1A4524AC004F83DD /* PBXContainerItemProxy */;
		};
/* End PBXTargetDependency section */

/* Begin PBXVariantGroup section */
		901D4FD01A5620CB00FC54F3 /* Main.storyboard */ = {
			isa = PBXVariantGroup;
			children = (
				901D4FD11A5620CB00FC54F3 /* Base */,
			);
			name = Main.storyboard;
			sourceTree = "<group>";
		};
		9054ECE51A4524AC004F83DD /* LaunchScreen.xib */ = {
			isa = PBXVariantGroup;
			children = (
				9054ECE61A4524AC004F83DD /* Base */,
			);
			name = LaunchScreen.xib;
			sourceTree = "<group>";
		};
/* End PBXVariantGroup section */

/* Begin XCBuildConfiguration section */
		9054ECF41A4524AC004F83DD /* Debug */ = {
			isa = XCBuildConfiguration;
			buildSettings = {
				ALWAYS_SEARCH_USER_PATHS = NO;
				CLANG_CXX_LANGUAGE_STANDARD = "gnu++0x";
				CLANG_CXX_LIBRARY = "libc++";
				CLANG_ENABLE_MODULES = YES;
				CLANG_ENABLE_OBJC_ARC = YES;
				CLANG_WARN_BLOCK_CAPTURE_AUTORELEASING = YES;
				CLANG_WARN_BOOL_CONVERSION = YES;
				CLANG_WARN_COMMA = YES;
				CLANG_WARN_CONSTANT_CONVERSION = YES;
				CLANG_WARN_DEPRECATED_OBJC_IMPLEMENTATIONS = YES;
				CLANG_WARN_DIRECT_OBJC_ISA_USAGE = YES_ERROR;
				CLANG_WARN_EMPTY_BODY = YES;
				CLANG_WARN_ENUM_CONVERSION = YES;
				CLANG_WARN_INFINITE_RECURSION = YES;
				CLANG_WARN_INT_CONVERSION = YES;
				CLANG_WARN_NON_LITERAL_NULL_CONVERSION = YES;
				CLANG_WARN_OBJC_IMPLICIT_RETAIN_SELF = YES;
				CLANG_WARN_OBJC_LITERAL_CONVERSION = YES;
				CLANG_WARN_OBJC_ROOT_CLASS = YES_ERROR;
				CLANG_WARN_RANGE_LOOP_ANALYSIS = YES;
				CLANG_WARN_STRICT_PROTOTYPES = YES;
				CLANG_WARN_SUSPICIOUS_MOVE = YES;
				CLANG_WARN_UNREACHABLE_CODE = YES;
				CLANG_WARN__DUPLICATE_METHOD_MATCH = YES;
				"CODE_SIGN_IDENTITY[sdk=iphoneos*]" = "iPhone Developer";
				COPY_PHASE_STRIP = NO;
				ENABLE_STRICT_OBJC_MSGSEND = YES;
				ENABLE_TESTABILITY = YES;
				GCC_C_LANGUAGE_STANDARD = gnu99;
				GCC_DYNAMIC_NO_PIC = NO;
				GCC_NO_COMMON_BLOCKS = YES;
				GCC_OPTIMIZATION_LEVEL = 0;
				GCC_PREPROCESSOR_DEFINITIONS = (
					"DEBUG=1",
					"$(inherited)",
				);
				GCC_SYMBOLS_PRIVATE_EXTERN = NO;
				GCC_WARN_64_TO_32_BIT_CONVERSION = YES;
				GCC_WARN_ABOUT_RETURN_TYPE = YES_ERROR;
				GCC_WARN_UNDECLARED_SELECTOR = YES;
				GCC_WARN_UNINITIALIZED_AUTOS = YES_AGGRESSIVE;
				GCC_WARN_UNUSED_FUNCTION = YES;
				GCC_WARN_UNUSED_VARIABLE = YES;
				IPHONEOS_DEPLOYMENT_TARGET = 9.1;
				MTL_ENABLE_DEBUG_INFO = YES;
				ONLY_ACTIVE_ARCH = YES;
				SDKROOT = iphoneos;
			};
			name = Debug;
		};
		9054ECF51A4524AC004F83DD /* Release */ = {
			isa = XCBuildConfiguration;
			buildSettings = {
				ALWAYS_SEARCH_USER_PATHS = NO;
				CLANG_CXX_LANGUAGE_STANDARD = "gnu++0x";
				CLANG_CXX_LIBRARY = "libc++";
				CLANG_ENABLE_MODULES = YES;
				CLANG_ENABLE_OBJC_ARC = YES;
				CLANG_WARN_BLOCK_CAPTURE_AUTORELEASING = YES;
				CLANG_WARN_BOOL_CONVERSION = YES;
				CLANG_WARN_COMMA = YES;
				CLANG_WARN_CONSTANT_CONVERSION = YES;
				CLANG_WARN_DEPRECATED_OBJC_IMPLEMENTATIONS = YES;
				CLANG_WARN_DIRECT_OBJC_ISA_USAGE = YES_ERROR;
				CLANG_WARN_EMPTY_BODY = YES;
				CLANG_WARN_ENUM_CONVERSION = YES;
				CLANG_WARN_INFINITE_RECURSION = YES;
				CLANG_WARN_INT_CONVERSION = YES;
				CLANG_WARN_NON_LITERAL_NULL_CONVERSION = YES;
				CLANG_WARN_OBJC_IMPLICIT_RETAIN_SELF = YES;
				CLANG_WARN_OBJC_LITERAL_CONVERSION = YES;
				CLANG_WARN_OBJC_ROOT_CLASS = YES_ERROR;
				CLANG_WARN_RANGE_LOOP_ANALYSIS = YES;
				CLANG_WARN_STRICT_PROTOTYPES = YES;
				CLANG_WARN_SUSPICIOUS_MOVE = YES;
				CLANG_WARN_UNREACHABLE_CODE = YES;
				CLANG_WARN__DUPLICATE_METHOD_MATCH = YES;
				"CODE_SIGN_IDENTITY[sdk=iphoneos*]" = "iPhone Developer";
				COPY_PHASE_STRIP = YES;
				ENABLE_NS_ASSERTIONS = NO;
				ENABLE_STRICT_OBJC_MSGSEND = YES;
				GCC_C_LANGUAGE_STANDARD = gnu99;
				GCC_NO_COMMON_BLOCKS = YES;
				GCC_WARN_64_TO_32_BIT_CONVERSION = YES;
				GCC_WARN_ABOUT_RETURN_TYPE = YES_ERROR;
				GCC_WARN_UNDECLARED_SELECTOR = YES;
				GCC_WARN_UNINITIALIZED_AUTOS = YES_AGGRESSIVE;
				GCC_WARN_UNUSED_FUNCTION = YES;
				GCC_WARN_UNUSED_VARIABLE = YES;
				IPHONEOS_DEPLOYMENT_TARGET = 9.1;
				MTL_ENABLE_DEBUG_INFO = NO;
				SDKROOT = iphoneos;
				VALIDATE_PRODUCT = YES;
			};
			name = Release;
		};
		9054ECF71A4524AC004F83DD /* Debug */ = {
			isa = XCBuildConfiguration;
			buildSettings = {
				ASSETCATALOG_COMPILER_APPICON_NAME = AppIcon;
				CODE_SIGN_IDENTITY = "iPhone Developer";
				"CODE_SIGN_IDENTITY[sdk=iphoneos*]" = "iPhone Developer";
				CURRENT_PROJECT_VERSION = 1.13;
				DEVELOPMENT_TEAM = J7HYSXY656;
				INFOPLIST_FILE = "El Dingos/Info.plist";
				LD_RUNPATH_SEARCH_PATHS = "$(inherited) @executable_path/Frameworks";
				MARKETING_VERSION = 1.13;
				PRODUCT_BUNDLE_IDENTIFIER = "COM.HD.$(PRODUCT_NAME:rfc1034identifier)";
				PRODUCT_NAME = "$(TARGET_NAME)";
				PROVISIONING_PROFILE = "";
				TARGETED_DEVICE_FAMILY = 1;
			};
			name = Debug;
		};
		9054ECF81A4524AC004F83DD /* Release */ = {
			isa = XCBuildConfiguration;
			buildSettings = {
				ASSETCATALOG_COMPILER_APPICON_NAME = AppIcon;
				CODE_SIGN_IDENTITY = "iPhone Developer";
				"CODE_SIGN_IDENTITY[sdk=iphoneos*]" = "iPhone Developer";
				CURRENT_PROJECT_VERSION = 1.13;
				DEVELOPMENT_TEAM = J7HYSXY656;
				INFOPLIST_FILE = "El Dingos/Info.plist";
				LD_RUNPATH_SEARCH_PATHS = "$(inherited) @executable_path/Frameworks";
				MARKETING_VERSION = 1.13;
				PRODUCT_BUNDLE_IDENTIFIER = "COM.HD.$(PRODUCT_NAME:rfc1034identifier)";
				PRODUCT_NAME = "$(TARGET_NAME)";
				PROVISIONING_PROFILE = "";
				TARGETED_DEVICE_FAMILY = 1;
			};
			name = Release;
		};
		9054ECFA1A4524AC004F83DD /* Debug */ = {
			isa = XCBuildConfiguration;
			buildSettings = {
				BUNDLE_LOADER = "$(TEST_HOST)";
				FRAMEWORK_SEARCH_PATHS = (
					"$(SDKROOT)/Developer/Library/Frameworks",
					"$(inherited)",
				);
				GCC_PREPROCESSOR_DEFINITIONS = (
					"DEBUG=1",
					"$(inherited)",
				);
				INFOPLIST_FILE = "El DingosTests/Info.plist";
				LD_RUNPATH_SEARCH_PATHS = "$(inherited) @executable_path/Frameworks @loader_path/Frameworks";
				PRODUCT_BUNDLE_IDENTIFIER = "HD.$(PRODUCT_NAME:rfc1034identifier)";
				PRODUCT_NAME = "$(TARGET_NAME)";
				TEST_HOST = "$(BUILT_PRODUCTS_DIR)/El Dingos.app/El Dingos";
			};
			name = Debug;
		};
		9054ECFB1A4524AC004F83DD /* Release */ = {
			isa = XCBuildConfiguration;
			buildSettings = {
				BUNDLE_LOADER = "$(TEST_HOST)";
				FRAMEWORK_SEARCH_PATHS = (
					"$(SDKROOT)/Developer/Library/Frameworks",
					"$(inherited)",
				);
				INFOPLIST_FILE = "El DingosTests/Info.plist";
				LD_RUNPATH_SEARCH_PATHS = "$(inherited) @executable_path/Frameworks @loader_path/Frameworks";
				PRODUCT_BUNDLE_IDENTIFIER = "HD.$(PRODUCT_NAME:rfc1034identifier)";
				PRODUCT_NAME = "$(TARGET_NAME)";
				TEST_HOST = "$(BUILT_PRODUCTS_DIR)/El Dingos.app/El Dingos";
			};
			name = Release;
		};
/* End XCBuildConfiguration section */

/* Begin XCConfigurationList section */
		9054ECCB1A4524AC004F83DD /* Build configuration list for PBXProject "El Dingos" */ = {
			isa = XCConfigurationList;
			buildConfigurations = (
				9054ECF41A4524AC004F83DD /* Debug */,
				9054ECF51A4524AC004F83DD /* Release */,
			);
			defaultConfigurationIsVisible = 0;
			defaultConfigurationName = Release;
		};
		9054ECF61A4524AC004F83DD /* Build configuration list for PBXNativeTarget "El Dingos" */ = {
			isa = XCConfigurationList;
			buildConfigurations = (
				9054ECF71A4524AC004F83DD /* Debug */,
				9054ECF81A4524AC004F83DD /* Release */,
			);
			defaultConfigurationIsVisible = 0;
			defaultConfigurationName = Release;
		};
		9054ECF91A4524AC004F83DD /* Build configuration list for PBXNativeTarget "El DingosTests" */ = {
			isa = XCConfigurationList;
			buildConfigurations = (
				9054ECFA1A4524AC004F83DD /* Debug */,
				9054ECFB1A4524AC004F83DD /* Release */,
			);
			defaultConfigurationIsVisible = 0;
			defaultConfigurationName = Release;
		};
/* End XCConfigurationList section */
	};
	rootObject = 9054ECC81A4524AC004F83DD /* Project object */;
}
